{
  "lockfileVersion": 1,
  "workspaces": {
    "": {
      "name": "btc-types",
      "dependencies": {
        "light-bolt11-decoder": "^3.2.0",
      },
      "devDependencies": {
        "@types/bun": "latest",
      },
      "peerDependencies": {
        "typescript": "^5",
      },
    },
  },
  "packages": {
    "@scure/base": ["@scure/base@1.1.1", "", {}, "sha512-ZxOhsSyxYwLJj3pLZCefNitxsj093tb2vq90mp2txoYeBqbcjDjqFhyM8eUjq/uFm6zJ+mUuqxlS2FkuSY1MTA=="],

    "@types/bun": ["@types/bun@1.2.17", "", { "dependencies": { "bun-types": "1.2.17" } }, "sha512-l/BYs/JYt+cXA/0+wUhulYJB6a6p//GTPiJ7nV+QHa8iiId4HZmnu/3J/SowP5g0rTiERY2kfGKXEK5Ehltx4Q=="],

    "@types/node": ["@types/node@24.0.10", "", { "dependencies": { "undici-types": "~7.8.0" } }, "sha512-ENHwaH+JIRTDIEEbDK6QSQntAYGtbvdDXnMXnZaZ6k13Du1dPMmprkEHIL7ok2Wl2aZevetwTAb5S+7yIF+enA=="],

    "bun-types": ["bun-types@1.2.17", "", { "dependencies": { "@types/node": "*" } }, "sha512-ElC7ItwT3SCQwYZDYoAH+q6KT4Fxjl8DtZ6qDulUFBmXA8YB4xo+l54J9ZJN+k2pphfn9vk7kfubeSd5QfTVJQ=="],

    "light-bolt11-decoder": ["light-bolt11-decoder@3.2.0", "", { "dependencies": { "@scure/base": "1.1.1" } }, "sha512-3QEofgiBOP4Ehs9BI+RkZdXZNtSys0nsJ6fyGeSiAGCBsMwHGUDS/JQlY/sTnWs91A2Nh0S9XXfA8Sy9g6QpuQ=="],

    "typescript": ["typescript@5.8.3", "", { "bin": { "tsc": "bin/tsc", "tsserver": "bin/tsserver" } }, "sha512-p1diW6TqL9L07nNxvRMM7hMMw4c5XOo/1ibL4aAIGmSAt9slTE1Xgw5KWuof2uTOvCg9BY7ZRi+GaF+7sfgPeQ=="],

    "undici-types": ["undici-types@7.8.0", "", {}, "sha512-9UJ2xGDvQ43tYyVMpuHlsgApydB8ZKfVYTsLDhXkFL/6gfkp+U8xTGdh8pMJv1SpZna0zxG1DwsKZsreLbXBxw=="],
  }
}
